
Microsoft Visual Studio Solution File, Format Version 12.00
# Visual Studio Version 17
VisualStudioVersion = 17.4.33110.190
MinimumVisualStudioVersion = 10.0.40219.1
Project("{2150E333-8FDC-42A3-9474-1A3956D46DE8}") = "Services", "Services", "{B84C2BF9-5F48-450F-BD1D-296753FAA1F5}"
EndProject
Project("{2150E333-8FDC-42A3-9474-1A3956D46DE8}") = "Catalog", "Catalog", "{EFC59AD4-AB5F-488A-BDBC-B4A3CF3254A2}"
EndProject
Project("{9A19103F-16F7-4668-BE54-9A1E7A4F7556}") = "Catalog.API", "Services\Catalog\Catalog.API\Catalog.API.csproj", "{289D0429-4752-4EAE-858E-2E43DB4B4EEF}"
EndProject
Project("{E53339B2-1760-4266-BCC7-CA923CBCF16C}") = "docker-compose", "docker-compose.dcproj", "{CC15F4D1-5CB3-49FF-9D79-D0727D3C02E0}"
EndProject
Project("{2150E333-8FDC-42A3-9474-1A3956D46DE8}") = "Basket", "Basket", "{ED097EF5-857F-4F87-929F-6FAFAB426A58}"
EndProject
Project("{9A19103F-16F7-4668-BE54-9A1E7A4F7556}") = "Basket.API", "Services\Basket\Basket.API\Basket.API.csproj", "{ECBF88C3-3D75-4B96-86F8-F925C2F50E5C}"
EndProject
Project("{2150E333-8FDC-42A3-9474-1A3956D46DE8}") = "Discount", "Discount", "{A00C878E-D23E-4123-A87C-93CED0F1BFB3}"
EndProject
Project("{FAE04EC0-301F-11D3-BF4B-00C04F79EFBC}") = "Discount.API", "Services\Discount\Discount.API\Discount.API.csproj", "{398C8E5A-1B5C-4129-AF4E-84B9D96EAFC3}"
EndProject
Global
	GlobalSection(SolutionConfigurationPlatforms) = preSolution
		Debug|Any CPU = Debug|Any CPU
		Release|Any CPU = Release|Any CPU
	EndGlobalSection
	GlobalSection(ProjectConfigurationPlatforms) = postSolution
		{289D0429-4752-4EAE-858E-2E43DB4B4EEF}.Debug|Any CPU.ActiveCfg = Debug|Any CPU
		{289D0429-4752-4EAE-858E-2E43DB4B4EEF}.Debug|Any CPU.Build.0 = Debug|Any CPU
		{289D0429-4752-4EAE-858E-2E43DB4B4EEF}.Release|Any CPU.ActiveCfg = Release|Any CPU
		{289D0429-4752-4EAE-858E-2E43DB4B4EEF}.Release|Any CPU.Build.0 = Release|Any CPU
		{CC15F4D1-5CB3-49FF-9D79-D0727D3C02E0}.Debug|Any CPU.ActiveCfg = Debug|Any CPU
		{CC15F4D1-5CB3-49FF-9D79-D0727D3C02E0}.Debug|Any CPU.Build.0 = Debug|Any CPU
		{CC15F4D1-5CB3-49FF-9D79-D0727D3C02E0}.Release|Any CPU.ActiveCfg = Release|Any CPU
		{CC15F4D1-5CB3-49FF-9D79-D0727D3C02E0}.Release|Any CPU.Build.0 = Release|Any CPU
		{ECBF88C3-3D75-4B96-86F8-F925C2F50E5C}.Debug|Any CPU.ActiveCfg = Debug|Any CPU
		{ECBF88C3-3D75-4B96-86F8-F925C2F50E5C}.Debug|Any CPU.Build.0 = Debug|Any CPU
		{ECBF88C3-3D75-4B96-86F8-F925C2F50E5C}.Release|Any CPU.ActiveCfg = Release|Any CPU
		{ECBF88C3-3D75-4B96-86F8-F925C2F50E5C}.Release|Any CPU.Build.0 = Release|Any CPU
		{398C8E5A-1B5C-4129-AF4E-84B9D96EAFC3}.Debug|Any CPU.ActiveCfg = Debug|Any CPU
		{398C8E5A-1B5C-4129-AF4E-84B9D96EAFC3}.Debug|Any CPU.Build.0 = Debug|Any CPU
		{398C8E5A-1B5C-4129-AF4E-84B9D96EAFC3}.Release|Any CPU.ActiveCfg = Release|Any CPU
		{398C8E5A-1B5C-4129-AF4E-84B9D96EAFC3}.Release|Any CPU.Build.0 = Release|Any CPU
	EndGlobalSection
	GlobalSection(SolutionProperties) = preSolution
		HideSolutionNode = FALSE
	EndGlobalSection
	GlobalSection(NestedProjects) = preSolution
		{EFC59AD4-AB5F-488A-BDBC-B4A3CF3254A2} = {B84C2BF9-5F48-450F-BD1D-296753FAA1F5}
		{289D0429-4752-4EAE-858E-2E43DB4B4EEF} = {EFC59AD4-AB5F-488A-BDBC-B4A3CF3254A2}
		{ED097EF5-857F-4F87-929F-6FAFAB426A58} = {B84C2BF9-5F48-450F-BD1D-296753FAA1F5}
		{ECBF88C3-3D75-4B96-86F8-F925C2F50E5C} = {ED097EF5-857F-4F87-929F-6FAFAB426A58}
		{A00C878E-D23E-4123-A87C-93CED0F1BFB3} = {B84C2BF9-5F48-450F-BD1D-296753FAA1F5}
		{398C8E5A-1B5C-4129-AF4E-84B9D96EAFC3} = {A00C878E-D23E-4123-A87C-93CED0F1BFB3}
	EndGlobalSection
	GlobalSection(ExtensibilityGlobals) = postSolution
		SolutionGuid = {3FA4B07B-4FBC-4EC0-A71D-8035C90D42B5}
	EndGlobalSection
EndGlobal
